
Microsoft Visual Studio Solution File, Format Version 12.00
# Visual Studio 14
VisualStudioVersion = 14.0.23107.0
MinimumVisualStudioVersion = 10.0.40219.1
Project("{FAE04EC0-301F-11D3-BF4B-00C04F79EFBC}") = "Akka.Quartz.Actor", "src\Akka.Quartz.Actor\Akka.Quartz.Actor.csproj", "{80E909A0-2379-408D-9711-70D1BF3147A2}"
EndProject
Project("{FAE04EC0-301F-11D3-BF4B-00C04F79EFBC}") = "Akka.Quartz.Actor.Tests", "src\Akka.Quartz.Actor.Tests\Akka.Quartz.Actor.Tests.csproj", "{591B1A06-4111-41CE-B626-EB475D463653}"
EndProject
Project("{FAE04EC0-301F-11D3-BF4B-00C04F79EFBC}") = "Akka.Quartz.Actor.IntegrationTests", "src\Akka.Quartz.Actor.IntegrationTests\Akka.Quartz.Actor.IntegrationTests.csproj", "{6F4BDCE1-AFEA-444B-BA13-B560E24C94C6}"
EndProject
Global
	GlobalSection(SolutionConfigurationPlatforms) = preSolution
		Debug|Any CPU = Debug|Any CPU
		Release|Any CPU = Release|Any CPU
	EndGlobalSection
	GlobalSection(ProjectConfigurationPlatforms) = postSolution
		{80E909A0-2379-408D-9711-70D1BF3147A2}.Debug|Any CPU.ActiveCfg = Debug|Any CPU
		{80E909A0-2379-408D-9711-70D1BF3147A2}.Debug|Any CPU.Build.0 = Debug|Any CPU
		{80E909A0-2379-408D-9711-70D1BF3147A2}.Release|Any CPU.ActiveCfg = Release|Any CPU
		{80E909A0-2379-408D-9711-70D1BF3147A2}.Release|Any CPU.Build.0 = Release|Any CPU
		{591B1A06-4111-41CE-B626-EB475D463653}.Debug|Any CPU.ActiveCfg = Debug|Any CPU
		{591B1A06-4111-41CE-B626-EB475D463653}.Debug|Any CPU.Build.0 = Debug|Any CPU
		{591B1A06-4111-41CE-B626-EB475D463653}.Release|Any CPU.ActiveCfg = Release|Any CPU
		{591B1A06-4111-41CE-B626-EB475D463653}.Release|Any CPU.Build.0 = Release|Any CPU
		{6F4BDCE1-AFEA-444B-BA13-B560E24C94C6}.Debug|Any CPU.ActiveCfg = Debug|Any CPU
		{6F4BDCE1-AFEA-444B-BA13-B560E24C94C6}.Debug|Any CPU.Build.0 = Debug|Any CPU
		{6F4BDCE1-AFEA-444B-BA13-B560E24C94C6}.Release|Any CPU.ActiveCfg = Release|Any CPU
		{6F4BDCE1-AFEA-444B-BA13-B560E24C94C6}.Release|Any CPU.Build.0 = Release|Any CPU
	EndGlobalSection
	GlobalSection(SolutionProperties) = preSolution
		HideSolutionNode = FALSE
	EndGlobalSection
EndGlobal
